{"v":"1.0.0-alpha.21","p":{"hopp-plugin-babel":{}},"_":[1498960444000,{"default":{"d":{"src":["./src/*.js"],"stack":[["hopp-plugin-babel",[{"presets":["babili"],"sourceMaps":true}]]],"rename":[],"dest":"./dist"},"needsBundling":false,"needsRecaching":false,"readonly":false}}],"sc":{"default":{"./src/index.js":1498959336000}}}